// !$*UTF8*$!
{
	archiveVersion = 1;
	classes = {
	};
	objectVersion = 56;
	objects = {

/* Begin PBXBuildFile section */
		E18F3E112A51466A00D335E1 /* KataGo_iOSApp.swift in Sources */ = {isa = PBXBuildFile; fileRef = E18F3E102A51466A00D335E1 /* KataGo_iOSApp.swift */; };
		E18F3E132A51466A00D335E1 /* ContentView.swift in Sources */ = {isa = PBXBuildFile; fileRef = E18F3E122A51466A00D335E1 /* ContentView.swift */; };
		E18F3E152A51466C00D335E1 /* Assets.xcassets in Resources */ = {isa = PBXBuildFile; fileRef = E18F3E142A51466C00D335E1 /* Assets.xcassets */; };
		E18F3E182A51466C00D335E1 /* Preview Assets.xcassets in Resources */ = {isa = PBXBuildFile; fileRef = E18F3E172A51466C00D335E1 /* Preview Assets.xcassets */; };
		E18F3E222A51466C00D335E1 /* KataGo_iOSTests.swift in Sources */ = {isa = PBXBuildFile; fileRef = E18F3E212A51466C00D335E1 /* KataGo_iOSTests.swift */; };
		E18F3E2C2A51466C00D335E1 /* KataGo_iOSUITests.swift in Sources */ = {isa = PBXBuildFile; fileRef = E18F3E2B2A51466C00D335E1 /* KataGo_iOSUITests.swift */; };
		E18F3E2E2A51466C00D335E1 /* KataGo_iOSUITestsLaunchTests.swift in Sources */ = {isa = PBXBuildFile; fileRef = E18F3E2D2A51466C00D335E1 /* KataGo_iOSUITestsLaunchTests.swift */; };
/* End PBXBuildFile section */

/* Begin PBXContainerItemProxy section */
		E18F3E1E2A51466C00D335E1 /* PBXContainerItemProxy */ = {
			isa = PBXContainerItemProxy;
			containerPortal = E18F3E052A51466A00D335E1 /* Project object */;
			proxyType = 1;
			remoteGlobalIDString = E18F3E0C2A51466A00D335E1;
			remoteInfo = "KataGo iOS";
		};
		E18F3E282A51466C00D335E1 /* PBXContainerItemProxy */ = {
			isa = PBXContainerItemProxy;
			containerPortal = E18F3E052A51466A00D335E1 /* Project object */;
			proxyType = 1;
			remoteGlobalIDString = E18F3E0C2A51466A00D335E1;
			remoteInfo = "KataGo iOS";
		};
/* End PBXContainerItemProxy section */

/* Begin PBXFileReference section */
		E18F3E0D2A51466A00D335E1 /* KataGo iOS.app */ = {isa = PBXFileReference; explicitFileType = wrapper.application; includeInIndex = 0; path = "KataGo iOS.app"; sourceTree = BUILT_PRODUCTS_DIR; };
		E18F3E102A51466A00D335E1 /* KataGo_iOSApp.swift */ = {isa = PBXFileReference; lastKnownFileType = sourcecode.swift; path = KataGo_iOSApp.swift; sourceTree = "<group>"; };
		E18F3E122A51466A00D335E1 /* ContentView.swift */ = {isa = PBXFileReference; lastKnownFileType = sourcecode.swift; path = ContentView.swift; sourceTree = "<group>"; };
		E18F3E142A51466C00D335E1 /* Assets.xcassets */ = {isa = PBXFileReference; lastKnownFileType = folder.assetcatalog; path = Assets.xcassets; sourceTree = "<group>"; };
		E18F3E172A51466C00D335E1 /* Preview Assets.xcassets */ = {isa = PBXFileReference; lastKnownFileType = folder.assetcatalog; path = "Preview Assets.xcassets"; sourceTree = "<group>"; };
		E18F3E1D2A51466C00D335E1 /* KataGo iOSTests.xctest */ = {isa = PBXFileReference; explicitFileType = wrapper.cfbundle; includeInIndex = 0; path = "KataGo iOSTests.xctest"; sourceTree = BUILT_PRODUCTS_DIR; };
		E18F3E212A51466C00D335E1 /* KataGo_iOSTests.swift */ = {isa = PBXFileReference; lastKnownFileType = sourcecode.swift; path = KataGo_iOSTests.swift; sourceTree = "<group>"; };
		E18F3E272A51466C00D335E1 /* KataGo iOSUITests.xctest */ = {isa = PBXFileReference; explicitFileType = wrapper.cfbundle; includeInIndex = 0; path = "KataGo iOSUITests.xctest"; sourceTree = BUILT_PRODUCTS_DIR; };
		E18F3E2B2A51466C00D335E1 /* KataGo_iOSUITests.swift */ = {isa = PBXFileReference; lastKnownFileType = sourcecode.swift; path = KataGo_iOSUITests.swift; sourceTree = "<group>"; };
		E18F3E2D2A51466C00D335E1 /* KataGo_iOSUITestsLaunchTests.swift */ = {isa = PBXFileReference; lastKnownFileType = sourcecode.swift; path = KataGo_iOSUITestsLaunchTests.swift; sourceTree = "<group>"; };
/* End PBXFileReference section */

/* Begin PBXFrameworksBuildPhase section */
		E18F3E0A2A51466A00D335E1 /* Frameworks */ = {
			isa = PBXFrameworksBuildPhase;
			buildActionMask = 2147483647;
			files = (
			);
			runOnlyForDeploymentPostprocessing = 0;
		};
		E18F3E1A2A51466C00D335E1 /* Frameworks */ = {
			isa = PBXFrameworksBuildPhase;
			buildActionMask = 2147483647;
			files = (
			);
			runOnlyForDeploymentPostprocessing = 0;
		};
		E18F3E242A51466C00D335E1 /* Frameworks */ = {
			isa = PBXFrameworksBuildPhase;
			buildActionMask = 2147483647;
			files = (
			);
			runOnlyForDeploymentPostprocessing = 0;
		};
/* End PBXFrameworksBuildPhase section */

/* Begin PBXGroup section */
		E18F3E042A51466A00D335E1 = {
			isa = PBXGroup;
			children = (
				E18F3E0F2A51466A00D335E1 /* KataGo iOS */,
				E18F3E202A51466C00D335E1 /* KataGo iOSTests */,
				E18F3E2A2A51466C00D335E1 /* KataGo iOSUITests */,
				E18F3E0E2A51466A00D335E1 /* Products */,
			);
			sourceTree = "<group>";
		};
		E18F3E0E2A51466A00D335E1 /* Products */ = {
			isa = PBXGroup;
			children = (
				E18F3E0D2A51466A00D335E1 /* KataGo iOS.app */,
				E18F3E1D2A51466C00D335E1 /* KataGo iOSTests.xctest */,
				E18F3E272A51466C00D335E1 /* KataGo iOSUITests.xctest */,
			);
			name = Products;
			sourceTree = "<group>";
		};
		E18F3E0F2A51466A00D335E1 /* KataGo iOS */ = {
			isa = PBXGroup;
			children = (
				E18F3E102A51466A00D335E1 /* KataGo_iOSApp.swift */,
				E18F3E122A51466A00D335E1 /* ContentView.swift */,
				E18F3E142A51466C00D335E1 /* Assets.xcassets */,
				E18F3E162A51466C00D335E1 /* Preview Content */,
			);
			path = "KataGo iOS";
			sourceTree = "<group>";
		};
		E18F3E162A51466C00D335E1 /* Preview Content */ = {
			isa = PBXGroup;
			children = (
				E18F3E172A51466C00D335E1 /* Preview Assets.xcassets */,
			);
			path = "Preview Content";
			sourceTree = "<group>";
		};
		E18F3E202A51466C00D335E1 /* KataGo iOSTests */ = {
			isa = PBXGroup;
			children = (
				E18F3E212A51466C00D335E1 /* KataGo_iOSTests.swift */,
			);
			path = "KataGo iOSTests";
			sourceTree = "<group>";
		};
		E18F3E2A2A51466C00D335E1 /* KataGo iOSUITests */ = {
			isa = PBXGroup;
			children = (
				E18F3E2B2A51466C00D335E1 /* KataGo_iOSUITests.swift */,
				E18F3E2D2A51466C00D335E1 /* KataGo_iOSUITestsLaunchTests.swift */,
			);
			path = "KataGo iOSUITests";
			sourceTree = "<group>";
		};
/* End PBXGroup section */

/* Begin PBXNativeTarget section */
		E18F3E0C2A51466A00D335E1 /* KataGo iOS */ = {
			isa = PBXNativeTarget;
			buildConfigurationList = E18F3E312A51466C00D335E1 /* Build configuration list for PBXNativeTarget "KataGo iOS" */;
			buildPhases = (
				E18F3E092A51466A00D335E1 /* Sources */,
				E18F3E0A2A51466A00D335E1 /* Frameworks */,
				E18F3E0B2A51466A00D335E1 /* Resources */,
			);
			buildRules = (
			);
			dependencies = (
			);
			name = "KataGo iOS";
			productName = "KataGo iOS";
			productReference = E18F3E0D2A51466A00D335E1 /* KataGo iOS.app */;
			productType = "com.apple.product-type.application";
		};
		E18F3E1C2A51466C00D335E1 /* KataGo iOSTests */ = {
			isa = PBXNativeTarget;
			buildConfigurationList = E18F3E342A51466C00D335E1 /* Build configuration list for PBXNativeTarget "KataGo iOSTests" */;
			buildPhases = (
				E18F3E192A51466C00D335E1 /* Sources */,
				E18F3E1A2A51466C00D335E1 /* Frameworks */,
				E18F3E1B2A51466C00D335E1 /* Resources */,
			);
			buildRules = (
			);
			dependencies = (
				E18F3E1F2A51466C00D335E1 /* PBXTargetDependency */,
			);
			name = "KataGo iOSTests";
			productName = "KataGo iOSTests";
			productReference = E18F3E1D2A51466C00D335E1 /* KataGo iOSTests.xctest */;
			productType = "com.apple.product-type.bundle.unit-test";
		};
		E18F3E262A51466C00D335E1 /* KataGo iOSUITests */ = {
			isa = PBXNativeTarget;
			buildConfigurationList = E18F3E372A51466C00D335E1 /* Build configuration list for PBXNativeTarget "KataGo iOSUITests" */;
			buildPhases = (
				E18F3E232A51466C00D335E1 /* Sources */,
				E18F3E242A51466C00D335E1 /* Frameworks */,
				E18F3E252A51466C00D335E1 /* Resources */,
			);
			buildRules = (
			);
			dependencies = (
				E18F3E292A51466C00D335E1 /* PBXTargetDependency */,
			);
			name = "KataGo iOSUITests";
			productName = "KataGo iOSUITests";
			productReference = E18F3E272A51466C00D335E1 /* KataGo iOSUITests.xctest */;
			productType = "com.apple.product-type.bundle.ui-testing";
		};
/* End PBXNativeTarget section */

/* Begin PBXProject section */
		E18F3E052A51466A00D335E1 /* Project object */ = {
			isa = PBXProject;
			attributes = {
				BuildIndependentTargetsInParallel = 1;
				LastSwiftUpdateCheck = 1430;
				LastUpgradeCheck = 1430;
				TargetAttributes = {
					E18F3E0C2A51466A00D335E1 = {
						CreatedOnToolsVersion = 14.3.1;
					};
					E18F3E1C2A51466C00D335E1 = {
						CreatedOnToolsVersion = 14.3.1;
						TestTargetID = E18F3E0C2A51466A00D335E1;
					};
					E18F3E262A51466C00D335E1 = {
						CreatedOnToolsVersion = 14.3.1;
						TestTargetID = E18F3E0C2A51466A00D335E1;
					};
				};
			};
			buildConfigurationList = E18F3E082A51466A00D335E1 /* Build configuration list for PBXProject "KataGo iOS" */;
			compatibilityVersion = "Xcode 14.0";
			developmentRegion = en;
			hasScannedForEncodings = 0;
			knownRegions = (
				en,
				Base,
			);
			mainGroup = E18F3E042A51466A00D335E1;
			productRefGroup = E18F3E0E2A51466A00D335E1 /* Products */;
			projectDirPath = "";
			projectRoot = "";
			targets = (
				E18F3E0C2A51466A00D335E1 /* KataGo iOS */,
				E18F3E1C2A51466C00D335E1 /* KataGo iOSTests */,
				E18F3E262A51466C00D335E1 /* KataGo iOSUITests */,
			);
		};
/* End PBXProject section */

/* Begin PBXResourcesBuildPhase section */
		E18F3E0B2A51466A00D335E1 /* Resources */ = {
			isa = PBXResourcesBuildPhase;
			buildActionMask = 2147483647;
			files = (
				E18F3E182A51466C00D335E1 /* Preview Assets.xcassets in Resources */,
				E18F3E152A51466C00D335E1 /* Assets.xcassets in Resources */,
			);
			runOnlyForDeploymentPostprocessing = 0;
		};
		E18F3E1B2A51466C00D335E1 /* Resources */ = {
			isa = PBXResourcesBuildPhase;
			buildActionMask = 2147483647;
			files = (
			);
			runOnlyForDeploymentPostprocessing = 0;
		};
		E18F3E252A51466C00D335E1 /* Resources */ = {
			isa = PBXResourcesBuildPhase;
			buildActionMask = 2147483647;
			files = (
			);
			runOnlyForDeploymentPostprocessing = 0;
		};
/* End PBXResourcesBuildPhase section */

/* Begin PBXSourcesBuildPhase section */
		E18F3E092A51466A00D335E1 /* Sources */ = {
			isa = PBXSourcesBuildPhase;
			buildActionMask = 2147483647;
			files = (
				E18F3E132A51466A00D335E1 /* ContentView.swift in Sources */,
				E18F3E112A51466A00D335E1 /* KataGo_iOSApp.swift in Sources */,
			);
			runOnlyForDeploymentPostprocessing = 0;
		};
		E18F3E192A51466C00D335E1 /* Sources */ = {
			isa = PBXSourcesBuildPhase;
			buildActionMask = 2147483647;
			files = (
				E18F3E222A51466C00D335E1 /* KataGo_iOSTests.swift in Sources */,
			);
			runOnlyForDeploymentPostprocessing = 0;
		};
		E18F3E232A51466C00D335E1 /* Sources */ = {
			isa = PBXSourcesBuildPhase;
			buildActionMask = 2147483647;
			files = (
				E18F3E2C2A51466C00D335E1 /* KataGo_iOSUITests.swift in Sources */,
				E18F3E2E2A51466C00D335E1 /* KataGo_iOSUITestsLaunchTests.swift in Sources */,
			);
			runOnlyForDeploymentPostprocessing = 0;
		};
/* End PBXSourcesBuildPhase section */

/* Begin PBXTargetDependency section */
		E18F3E1F2A51466C00D335E1 /* PBXTargetDependency */ = {
			isa = PBXTargetDependency;
			target = E18F3E0C2A51466A00D335E1 /* KataGo iOS */;
			targetProxy = E18F3E1E2A51466C00D335E1 /* PBXContainerItemProxy */;
		};
		E18F3E292A51466C00D335E1 /* PBXTargetDependency */ = {
			isa = PBXTargetDependency;
			target = E18F3E0C2A51466A00D335E1 /* KataGo iOS */;
			targetProxy = E18F3E282A51466C00D335E1 /* PBXContainerItemProxy */;
		};
/* End PBXTargetDependency section */

/* Begin XCBuildConfiguration section */
		E18F3E2F2A51466C00D335E1 /* Debug */ = {
			isa = XCBuildConfiguration;
			buildSettings = {
				ALWAYS_SEARCH_USER_PATHS = NO;
				CLANG_ANALYZER_NONNULL = YES;
				CLANG_ANALYZER_NUMBER_OBJECT_CONVERSION = YES_AGGRESSIVE;
				CLANG_CXX_LANGUAGE_STANDARD = "gnu++20";
				CLANG_ENABLE_MODULES = YES;
				CLANG_ENABLE_OBJC_ARC = YES;
				CLANG_ENABLE_OBJC_WEAK = YES;
				CLANG_WARN_BLOCK_CAPTURE_AUTORELEASING = YES;
				CLANG_WARN_BOOL_CONVERSION = YES;
				CLANG_WARN_COMMA = YES;
				CLANG_WARN_CONSTANT_CONVERSION = YES;
				CLANG_WARN_DEPRECATED_OBJC_IMPLEMENTATIONS = YES;
				CLANG_WARN_DIRECT_OBJC_ISA_USAGE = YES_ERROR;
				CLANG_WARN_DOCUMENTATION_COMMENTS = YES;
				CLANG_WARN_EMPTY_BODY = YES;
				CLANG_WARN_ENUM_CONVERSION = YES;
				CLANG_WARN_INFINITE_RECURSION = YES;
				CLANG_WARN_INT_CONVERSION = YES;
				CLANG_WARN_NON_LITERAL_NULL_CONVERSION = YES;
				CLANG_WARN_OBJC_IMPLICIT_RETAIN_SELF = YES;
				CLANG_WARN_OBJC_LITERAL_CONVERSION = YES;
				CLANG_WARN_OBJC_ROOT_CLASS = YES_ERROR;
				CLANG_WARN_QUOTED_INCLUDE_IN_FRAMEWORK_HEADER = YES;
				CLANG_WARN_RANGE_LOOP_ANALYSIS = YES;
				CLANG_WARN_STRICT_PROTOTYPES = YES;
				CLANG_WARN_SUSPICIOUS_MOVE = YES;
				CLANG_WARN_UNGUARDED_AVAILABILITY = YES_AGGRESSIVE;
				CLANG_WARN_UNREACHABLE_CODE = YES;
				CLANG_WARN__DUPLICATE_METHOD_MATCH = YES;
				COPY_PHASE_STRIP = NO;
				DEBUG_INFORMATION_FORMAT = dwarf;
				ENABLE_STRICT_OBJC_MSGSEND = YES;
				ENABLE_TESTABILITY = YES;
				GCC_C_LANGUAGE_STANDARD = gnu11;
				GCC_DYNAMIC_NO_PIC = NO;
				GCC_NO_COMMON_BLOCKS = YES;
				GCC_OPTIMIZATION_LEVEL = 0;
				GCC_PREPROCESSOR_DEFINITIONS = (
					"DEBUG=1",
					"$(inherited)",
				);
				GCC_WARN_64_TO_32_BIT_CONVERSION = YES;
				GCC_WARN_ABOUT_RETURN_TYPE = YES_ERROR;
				GCC_WARN_UNDECLARED_SELECTOR = YES;
				GCC_WARN_UNINITIALIZED_AUTOS = YES_AGGRESSIVE;
				GCC_WARN_UNUSED_FUNCTION = YES;
				GCC_WARN_UNUSED_VARIABLE = YES;
				IPHONEOS_DEPLOYMENT_TARGET = 16.4;
				MTL_ENABLE_DEBUG_INFO = INCLUDE_SOURCE;
				MTL_FAST_MATH = YES;
				ONLY_ACTIVE_ARCH = YES;
				SDKROOT = iphoneos;
				SWIFT_ACTIVE_COMPILATION_CONDITIONS = DEBUG;
				SWIFT_OPTIMIZATION_LEVEL = "-Onone";
			};
			name = Debug;
		};
		E18F3E302A51466C00D335E1 /* Release */ = {
			isa = XCBuildConfiguration;
			buildSettings = {
				ALWAYS_SEARCH_USER_PATHS = NO;
				CLANG_ANALYZER_NONNULL = YES;
				CLANG_ANALYZER_NUMBER_OBJECT_CONVERSION = YES_AGGRESSIVE;
				CLANG_CXX_LANGUAGE_STANDARD = "gnu++20";
				CLANG_ENABLE_MODULES = YES;
				CLANG_ENABLE_OBJC_ARC = YES;
				CLANG_ENABLE_OBJC_WEAK = YES;
				CLANG_WARN_BLOCK_CAPTURE_AUTORELEASING = YES;
				CLANG_WARN_BOOL_CONVERSION = YES;
				CLANG_WARN_COMMA = YES;
				CLANG_WARN_CONSTANT_CONVERSION = YES;
				CLANG_WARN_DEPRECATED_OBJC_IMPLEMENTATIONS = YES;
				CLANG_WARN_DIRECT_OBJC_ISA_USAGE = YES_ERROR;
				CLANG_WARN_DOCUMENTATION_COMMENTS = YES;
				CLANG_WARN_EMPTY_BODY = YES;
				CLANG_WARN_ENUM_CONVERSION = YES;
				CLANG_WARN_INFINITE_RECURSION = YES;
				CLANG_WARN_INT_CONVERSION = YES;
				CLANG_WARN_NON_LITERAL_NULL_CONVERSION = YES;
				CLANG_WARN_OBJC_IMPLICIT_RETAIN_SELF = YES;
				CLANG_WARN_OBJC_LITERAL_CONVERSION = YES;
				CLANG_WARN_OBJC_ROOT_CLASS = YES_ERROR;
				CLANG_WARN_QUOTED_INCLUDE_IN_FRAMEWORK_HEADER = YES;
				CLANG_WARN_RANGE_LOOP_ANALYSIS = YES;
				CLANG_WARN_STRICT_PROTOTYPES = YES;
				CLANG_WARN_SUSPICIOUS_MOVE = YES;
				CLANG_WARN_UNGUARDED_AVAILABILITY = YES_AGGRESSIVE;
				CLANG_WARN_UNREACHABLE_CODE = YES;
				CLANG_WARN__DUPLICATE_METHOD_MATCH = YES;
				COPY_PHASE_STRIP = NO;
				DEBUG_INFORMATION_FORMAT = "dwarf-with-dsym";
				ENABLE_NS_ASSERTIONS = NO;
				ENABLE_STRICT_OBJC_MSGSEND = YES;
				GCC_C_LANGUAGE_STANDARD = gnu11;
				GCC_NO_COMMON_BLOCKS = YES;
				GCC_WARN_64_TO_32_BIT_CONVERSION = YES;
				GCC_WARN_ABOUT_RETURN_TYPE = YES_ERROR;
				GCC_WARN_UNDECLARED_SELECTOR = YES;
				GCC_WARN_UNINITIALIZED_AUTOS = YES_AGGRESSIVE;
				GCC_WARN_UNUSED_FUNCTION = YES;
				GCC_WARN_UNUSED_VARIABLE = YES;
				IPHONEOS_DEPLOYMENT_TARGET = 16.4;
				MTL_ENABLE_DEBUG_INFO = NO;
				MTL_FAST_MATH = YES;
				SDKROOT = iphoneos;
				SWIFT_COMPILATION_MODE = wholemodule;
				SWIFT_OPTIMIZATION_LEVEL = "-O";
				VALIDATE_PRODUCT = YES;
			};
			name = Release;
		};
		E18F3E322A51466C00D335E1 /* Debug */ = {
			isa = XCBuildConfiguration;
			buildSettings = {
				ASSETCATALOG_COMPILER_APPICON_NAME = AppIcon;
				ASSETCATALOG_COMPILER_GLOBAL_ACCENT_COLOR_NAME = AccentColor;
				CODE_SIGN_STYLE = Automatic;
				CURRENT_PROJECT_VERSION = 1;
				DEVELOPMENT_ASSET_PATHS = "\"KataGo iOS/Preview Content\"";
				DEVELOPMENT_TEAM = 4L5BJK5M8K;
				ENABLE_PREVIEWS = YES;
				GENERATE_INFOPLIST_FILE = YES;
				INFOPLIST_KEY_UIApplicationSceneManifest_Generation = YES;
				INFOPLIST_KEY_UIApplicationSupportsIndirectInputEvents = YES;
				INFOPLIST_KEY_UILaunchScreen_Generation = YES;
				INFOPLIST_KEY_UISupportedInterfaceOrientations_iPad = "UIInterfaceOrientationPortrait UIInterfaceOrientationPortraitUpsideDown UIInterfaceOrientationLandscapeLeft UIInterfaceOrientationLandscapeRight";
				INFOPLIST_KEY_UISupportedInterfaceOrientations_iPhone = "UIInterfaceOrientationPortrait UIInterfaceOrientationLandscapeLeft UIInterfaceOrientationLandscapeRight";
				LD_RUNPATH_SEARCH_PATHS = (
					"$(inherited)",
					"@executable_path/Frameworks",
				);
				MARKETING_VERSION = 1.0;
				PRODUCT_BUNDLE_IDENTIFIER = "ccy.KataGo-iOS";
				PRODUCT_NAME = "$(TARGET_NAME)";
				SWIFT_EMIT_LOC_STRINGS = YES;
				SWIFT_VERSION = 5.0;
				TARGETED_DEVICE_FAMILY = "1,2";
			};
			name = Debug;
		};
		E18F3E332A51466C00D335E1 /* Release */ = {
			isa = XCBuildConfiguration;
			buildSettings = {
				ASSETCATALOG_COMPILER_APPICON_NAME = AppIcon;
				ASSETCATALOG_COMPILER_GLOBAL_ACCENT_COLOR_NAME = AccentColor;
				CODE_SIGN_STYLE = Automatic;
				CURRENT_PROJECT_VERSION = 1;
				DEVELOPMENT_ASSET_PATHS = "\"KataGo iOS/Preview Content\"";
				DEVELOPMENT_TEAM = 4L5BJK5M8K;
				ENABLE_PREVIEWS = YES;
				GENERATE_INFOPLIST_FILE = YES;
				INFOPLIST_KEY_UIApplicationSceneManifest_Generation = YES;
				INFOPLIST_KEY_UIApplicationSupportsIndirectInputEvents = YES;
				INFOPLIST_KEY_UILaunchScreen_Generation = YES;
				INFOPLIST_KEY_UISupportedInterfaceOrientations_iPad = "UIInterfaceOrientationPortrait UIInterfaceOrientationPortraitUpsideDown UIInterfaceOrientationLandscapeLeft UIInterfaceOrientationLandscapeRight";
				INFOPLIST_KEY_UISupportedInterfaceOrientations_iPhone = "UIInterfaceOrientationPortrait UIInterfaceOrientationLandscapeLeft UIInterfaceOrientationLandscapeRight";
				LD_RUNPATH_SEARCH_PATHS = (
					"$(inherited)",
					"@executable_path/Frameworks",
				);
				MARKETING_VERSION = 1.0;
				PRODUCT_BUNDLE_IDENTIFIER = "ccy.KataGo-iOS";
				PRODUCT_NAME = "$(TARGET_NAME)";
				SWIFT_EMIT_LOC_STRINGS = YES;
				SWIFT_VERSION = 5.0;
				TARGETED_DEVICE_FAMILY = "1,2";
			};
			name = Release;
		};
		E18F3E352A51466C00D335E1 /* Debug */ = {
			isa = XCBuildConfiguration;
			buildSettings = {
				ALWAYS_EMBED_SWIFT_STANDARD_LIBRARIES = YES;
				BUNDLE_LOADER = "$(TEST_HOST)";
				CODE_SIGN_STYLE = Automatic;
				CURRENT_PROJECT_VERSION = 1;
				DEVELOPMENT_TEAM = 4L5BJK5M8K;
				GENERATE_INFOPLIST_FILE = YES;
				IPHONEOS_DEPLOYMENT_TARGET = 16.4;
				MARKETING_VERSION = 1.0;
				PRODUCT_BUNDLE_IDENTIFIER = "ccy.KataGo-iOSTests";
				PRODUCT_NAME = "$(TARGET_NAME)";
				SWIFT_EMIT_LOC_STRINGS = NO;
				SWIFT_VERSION = 5.0;
				TARGETED_DEVICE_FAMILY = "1,2";
				TEST_HOST = "$(BUILT_PRODUCTS_DIR)/KataGo iOS.app/$(BUNDLE_EXECUTABLE_FOLDER_PATH)/KataGo iOS";
			};
			name = Debug;
		};
		E18F3E362A51466C00D335E1 /* Release */ = {
			isa = XCBuildConfiguration;
			buildSettings = {
				ALWAYS_EMBED_SWIFT_STANDARD_LIBRARIES = YES;
				BUNDLE_LOADER = "$(TEST_HOST)";
				CODE_SIGN_STYLE = Automatic;
				CURRENT_PROJECT_VERSION = 1;
				DEVELOPMENT_TEAM = 4L5BJK5M8K;
				GENERATE_INFOPLIST_FILE = YES;
				IPHONEOS_DEPLOYMENT_TARGET = 16.4;
				MARKETING_VERSION = 1.0;
				PRODUCT_BUNDLE_IDENTIFIER = "ccy.KataGo-iOSTests";
				PRODUCT_NAME = "$(TARGET_NAME)";
				SWIFT_EMIT_LOC_STRINGS = NO;
				SWIFT_VERSION = 5.0;
				TARGETED_DEVICE_FAMILY = "1,2";
				TEST_HOST = "$(BUILT_PRODUCTS_DIR)/KataGo iOS.app/$(BUNDLE_EXECUTABLE_FOLDER_PATH)/KataGo iOS";
			};
			name = Release;
		};
		E18F3E382A51466C00D335E1 /* Debug */ = {
			isa = XCBuildConfiguration;
			buildSettings = {
				ALWAYS_EMBED_SWIFT_STANDARD_LIBRARIES = YES;
				CODE_SIGN_STYLE = Automatic;
				CURRENT_PROJECT_VERSION = 1;
				DEVELOPMENT_TEAM = 4L5BJK5M8K;
				GENERATE_INFOPLIST_FILE = YES;
				MARKETING_VERSION = 1.0;
				PRODUCT_BUNDLE_IDENTIFIER = "ccy.KataGo-iOSUITests";
				PRODUCT_NAME = "$(TARGET_NAME)";
				SWIFT_EMIT_LOC_STRINGS = NO;
				SWIFT_VERSION = 5.0;
				TARGETED_DEVICE_FAMILY = "1,2";
				TEST_TARGET_NAME = "KataGo iOS";
			};
			name = Debug;
		};
		E18F3E392A51466C00D335E1 /* Release */ = {
			isa = XCBuildConfiguration;
			buildSettings = {
				ALWAYS_EMBED_SWIFT_STANDARD_LIBRARIES = YES;
				CODE_SIGN_STYLE = Automatic;
				CURRENT_PROJECT_VERSION = 1;
				DEVELOPMENT_TEAM = 4L5BJK5M8K;
				GENERATE_INFOPLIST_FILE = YES;
				MARKETING_VERSION = 1.0;
				PRODUCT_BUNDLE_IDENTIFIER = "ccy.KataGo-iOSUITests";
				PRODUCT_NAME = "$(TARGET_NAME)";
				SWIFT_EMIT_LOC_STRINGS = NO;
				SWIFT_VERSION = 5.0;
				TARGETED_DEVICE_FAMILY = "1,2";
				TEST_TARGET_NAME = "KataGo iOS";
			};
			name = Release;
		};
/* End XCBuildConfiguration section */

/* Begin XCConfigurationList section */
		E18F3E082A51466A00D335E1 /* Build configuration list for PBXProject "KataGo iOS" */ = {
			isa = XCConfigurationList;
			buildConfigurations = (
				E18F3E2F2A51466C00D335E1 /* Debug */,
				E18F3E302A51466C00D335E1 /* Release */,
			);
			defaultConfigurationIsVisible = 0;
			defaultConfigurationName = Release;
		};
		E18F3E312A51466C00D335E1 /* Build configuration list for PBXNativeTarget "KataGo iOS" */ = {
			isa = XCConfigurationList;
			buildConfigurations = (
				E18F3E322A51466C00D335E1 /* Debug */,
				E18F3E332A51466C00D335E1 /* Release */,
			);
			defaultConfigurationIsVisible = 0;
			defaultConfigurationName = Release;
		};
		E18F3E342A51466C00D335E1 /* Build configuration list for PBXNativeTarget "KataGo iOSTests" */ = {
			isa = XCConfigurationList;
			buildConfigurations = (
				E18F3E352A51466C00D335E1 /* Debug */,
				E18F3E362A51466C00D335E1 /* Release */,
			);
			defaultConfigurationIsVisible = 0;
			defaultConfigurationName = Release;
		};
		E18F3E372A51466C00D335E1 /* Build configuration list for PBXNativeTarget "KataGo iOSUITests" */ = {
			isa = XCConfigurationList;
			buildConfigurations = (
				E18F3E382A51466C00D335E1 /* Debug */,
				E18F3E392A51466C00D335E1 /* Release */,
			);
			defaultConfigurationIsVisible = 0;
			defaultConfigurationName = Release;
		};
/* End XCConfigurationList section */
	};
	rootObject = E18F3E052A51466A00D335E1 /* Project object */;
}
